# This file is automatically @generated by Cargo.
# It is not intended for manual editing.
version = 3

[[package]]
name = "channels"
version = "0.1.0"

[[package]]
name = "const_map_reduce"
version = "0.1.0"

[[package]]
name = "for_cycle_threads"
version = "0.1.0"

[[package]]
name = "multithreads"
version = "0.1.0"

[[package]]
name = "mutex"
version = "0.1.0"

[[package]]
name = "mutex_thread"
version = "0.1.0"
