# This file is automatically @generated by Cargo.
# It is not intended for manual editing.
version = 3

[[package]]
name = "color-string"
version = "0.1.0"

[[package]]
name = "custom-maths"
version = "0.1.0"

[[package]]
name = "file_reader"
version = "0.1.0"

[[package]]
name = "modules"
version = "0.1.0"
dependencies = [
 "color-string",
 "file_reader",
]

[[package]]
name = "parabola-volume"
version = "0.1.0"
dependencies = [
 "custom-maths",
]

[[package]]
name = "square-integrator"
version = "0.1.0"
