# This file is automatically @generated by Cargo.
# It is not intended for manual editing.
version = 3

[[package]]
name = "aluminium-sulfuric-acid"
version = "0.1.0"

[[package]]
name = "color-string"
version = "0.1.0"

[[package]]
name = "custom-maths"
version = "0.1.0"

[[package]]
name = "file_reader"
version = "0.1.0"

[[package]]
name = "hethanol-oxygen-reaction"
version = "0.1.0"

[[package]]
name = "levenshtein-distance"
version = "0.1.0"

[[package]]
name = "modules"
version = "0.1.0"
dependencies = [
 "color-string",
 "file_reader",
]

[[package]]
name = "momentum-preserve"
version = "0.1.0"

[[package]]
name = "parabola-volume"
version = "0.1.0"
dependencies = [
 "custom-maths",
]

[[package]]
name = "partial-pressure"
version = "0.1.0"

[[package]]
name = "pipe-twist"
version = "0.1.0"
dependencies = [
 "custom-maths",
]

[[package]]
name = "square-integrator"
version = "0.1.0"

[[package]]
name = "vector-sum"
version = "0.1.0"
